
Microsoft Visual Studio Solution File, Format Version 12.00
# Visual Studio Version 16
VisualStudioVersion = 16.0.30413.136
MinimumVisualStudioVersion = 10.0.40219.1
Project("{FAE04EC0-301F-11D3-BF4B-00C04F79EFBC}") = "WebToDoList", "WebToDoList\WebToDoList.csproj", "{1DE10CD1-11D1-4221-85CE-E3AFB1227EAD}"
EndProject
Global
	GlobalSection(SolutionConfigurationPlatforms) = preSolution
		Debug|Any CPU = Debug|Any CPU
		Release|Any CPU = Release|Any CPU
	EndGlobalSection
	GlobalSection(ProjectConfigurationPlatforms) = postSolution
		{1DE10CD1-11D1-4221-85CE-E3AFB1227EAD}.Debug|Any CPU.ActiveCfg = Debug|Any CPU
		{1DE10CD1-11D1-4221-85CE-E3AFB1227EAD}.Debug|Any CPU.Build.0 = Debug|Any CPU
		{1DE10CD1-11D1-4221-85CE-E3AFB1227EAD}.Release|Any CPU.ActiveCfg = Release|Any CPU
		{1DE10CD1-11D1-4221-85CE-E3AFB1227EAD}.Release|Any CPU.Build.0 = Release|Any CPU
	EndGlobalSection
	GlobalSection(SolutionProperties) = preSolution
		HideSolutionNode = FALSE
	EndGlobalSection
	GlobalSection(ExtensibilityGlobals) = postSolution
		SolutionGuid = {58841686-75B5-4E83-91C2-C8C97FE6F710}
	EndGlobalSection
EndGlobal
